
Microsoft Visual Studio Solution File, Format Version 12.00
# Visual Studio 15
VisualStudioVersion = 15.0.27703.2000
MinimumVisualStudioVersion = 10.0.40219.1
Project("{FAE04EC0-301F-11D3-BF4B-00C04F79EFBC}") = "Entity.bing.search.API", "Enitiy.bing.search.API\Entity.bing.search.API.csproj", "{A469A494-5B63-47B5-A455-5D4F19AC5EA7}"
EndProject
Global
	GlobalSection(SolutionConfigurationPlatforms) = preSolution
		Debug|Any CPU = Debug|Any CPU
		Release|Any CPU = Release|Any CPU
	EndGlobalSection
	GlobalSection(ProjectConfigurationPlatforms) = postSolution
		{A469A494-5B63-47B5-A455-5D4F19AC5EA7}.Debug|Any CPU.ActiveCfg = Debug|Any CPU
		{A469A494-5B63-47B5-A455-5D4F19AC5EA7}.Debug|Any CPU.Build.0 = Debug|Any CPU
		{A469A494-5B63-47B5-A455-5D4F19AC5EA7}.Release|Any CPU.ActiveCfg = Release|Any CPU
		{A469A494-5B63-47B5-A455-5D4F19AC5EA7}.Release|Any CPU.Build.0 = Release|Any CPU
	EndGlobalSection
	GlobalSection(SolutionProperties) = preSolution
		HideSolutionNode = FALSE
	EndGlobalSection
	GlobalSection(ExtensibilityGlobals) = postSolution
		SolutionGuid = {93E2B1AF-8763-4C1D-9035-09FECF0C6DE5}
	EndGlobalSection
EndGlobal
